
Microsoft Visual Studio Solution File, Format Version 12.00
# Visual Studio Version 16
VisualStudioVersion = 16.0.31624.102
MinimumVisualStudioVersion = 10.0.40219.1
Project("{FAE04EC0-301F-11D3-BF4B-00C04F79EFBC}") = "FirstWorldSyncTest", "FirstWorldSyncTest\FirstWorldSyncTest.csproj", "{A5407AE4-3DD0-491C-B6A7-C8352B51384E}"
EndProject
Global
	GlobalSection(SolutionConfigurationPlatforms) = preSolution
		Debug|Any CPU = Debug|Any CPU
		Release|Any CPU = Release|Any CPU
	EndGlobalSection
	GlobalSection(ProjectConfigurationPlatforms) = postSolution
		{A5407AE4-3DD0-491C-B6A7-C8352B51384E}.Debug|Any CPU.ActiveCfg = Debug|Any CPU
		{A5407AE4-3DD0-491C-B6A7-C8352B51384E}.Debug|Any CPU.Build.0 = Debug|Any CPU
		{A5407AE4-3DD0-491C-B6A7-C8352B51384E}.Release|Any CPU.ActiveCfg = Release|Any CPU
		{A5407AE4-3DD0-491C-B6A7-C8352B51384E}.Release|Any CPU.Build.0 = Release|Any CPU
	EndGlobalSection
	GlobalSection(SolutionProperties) = preSolution
		HideSolutionNode = FALSE
	EndGlobalSection
	GlobalSection(ExtensibilityGlobals) = postSolution
		SolutionGuid = {83EF5D97-345B-4A49-8142-ABB67401CF28}
	EndGlobalSection
EndGlobal
